
Microsoft Visual Studio Solution File, Format Version 12.00
# Visual Studio 2012
Project("{8BC9CEB8-8B4A-11D0-8D11-00A0C91BC942}") = "SUD", "SUD\SUD.vcxproj", "{DF3D5FA4-8EE7-4568-B250-ABE17A426569}"
EndProject
Project("{8BC9CEB8-8B4A-11D0-8D11-00A0C91BC942}") = "inclass", "inclass\inclass.vcxproj", "{3CA4FFE5-202D-498B-866D-6F162E30EEE7}"
EndProject
Global
	GlobalSection(SolutionConfigurationPlatforms) = preSolution
		Debug|Win32 = Debug|Win32
		Release|Win32 = Release|Win32
	EndGlobalSection
	GlobalSection(ProjectConfigurationPlatforms) = postSolution
		{DF3D5FA4-8EE7-4568-B250-ABE17A426569}.Debug|Win32.ActiveCfg = Debug|Win32
		{DF3D5FA4-8EE7-4568-B250-ABE17A426569}.Debug|Win32.Build.0 = Debug|Win32
		{DF3D5FA4-8EE7-4568-B250-ABE17A426569}.Release|Win32.ActiveCfg = Release|Win32
		{DF3D5FA4-8EE7-4568-B250-ABE17A426569}.Release|Win32.Build.0 = Release|Win32
		{3CA4FFE5-202D-498B-866D-6F162E30EEE7}.Debug|Win32.ActiveCfg = Debug|Win32
		{3CA4FFE5-202D-498B-866D-6F162E30EEE7}.Debug|Win32.Build.0 = Debug|Win32
		{3CA4FFE5-202D-498B-866D-6F162E30EEE7}.Release|Win32.ActiveCfg = Release|Win32
		{3CA4FFE5-202D-498B-866D-6F162E30EEE7}.Release|Win32.Build.0 = Release|Win32
	EndGlobalSection
	GlobalSection(SolutionProperties) = preSolution
		HideSolutionNode = FALSE
	EndGlobalSection
EndGlobal
