<?xml version="1.0" encoding="utf-8"?>
<Project ToolsVersion="4.0" xmlns="http://schemas.microsoft.com/developer/msbuild/2003">
  <ItemGroup>
    <Filter Include="Admin">
      <UniqueIdentifier>{247995c4-ef6d-40b4-80c8-71633a4f8193}</UniqueIdentifier>
    </Filter>
    <Filter Include="Characters">
      <UniqueIdentifier>{b721baf3-c359-4429-ac13-4b57a23c7ded}</UniqueIdentifier>
    </Filter>
    <Filter Include="Maps">
      <UniqueIdentifier>{a69b924c-0d79-4d70-a045-d674617eb0f2}</UniqueIdentifier>
    </Filter>
    <Filter Include="StringSets">
      <UniqueIdentifier>{c7e0e700-9f8f-43c8-a944-8d9ed8fc0f92}</UniqueIdentifier>
    </Filter>
  </ItemGroup>
  <ItemGroup>
    <Text Include="ReadMe.txt" />
  </ItemGroup>
  <ItemGroup>
    <ClInclude Include="targetver.h" />
    <ClInclude Include="SystemMsgSet.h">
      <Filter>StringSets</Filter>
    </ClInclude>
    <ClInclude Include="StringSet.h">
      <Filter>StringSets</Filter>
    </ClInclude>
    <ClInclude Include="stdafx.h" />
    <ClInclude Include="ProblemSet.h">
      <Filter>StringSets</Filter>
    </ClInclude>
    <ClInclude Include="PlayerCharacter.h">
      <Filter>Characters</Filter>
    </ClInclude>
    <ClInclude Include="PbSetManager.h">
      <Filter>StringSets</Filter>
    </ClInclude>
    <ClInclude Include="GameManager.h">
      <Filter>Admin</Filter>
    </ClInclude>
    <ClInclude Include="Character.h">
      <Filter>Characters</Filter>
    </ClInclude>
    <ClInclude Include="GameMap.h">
      <Filter>Maps</Filter>
    </ClInclude>
    <ClInclude Include="Monster.h">
      <Filter>Characters</Filter>
    </ClInclude>
  </ItemGroup>
  <ItemGroup>
    <ClCompile Include="Character.cpp">
      <Filter>Characters</Filter>
    </ClCompile>
    <ClCompile Include="GameManager.cpp">
      <Filter>Admin</Filter>
    </ClCompile>
    <ClCompile Include="GameMap.cpp">
      <Filter>Maps</Filter>
    </ClCompile>
    <ClCompile Include="Monster.cpp">
      <Filter>Characters</Filter>
    </ClCompile>
    <ClCompile Include="PlayerCharacter.cpp">
      <Filter>Characters</Filter>
    </ClCompile>
    <ClCompile Include="ProblemSet.cpp">
      <Filter>StringSets</Filter>
    </ClCompile>
    <ClCompile Include="SystemMsgSet.cpp">
      <Filter>StringSets</Filter>
    </ClCompile>
    <ClCompile Include="StringSet.cpp">
      <Filter>StringSets</Filter>
    </ClCompile>
    <ClCompile Include="stdafx.cpp" />
    <ClCompile Include="SUD.cpp" />
  </ItemGroup>
</Project>